
Microsoft Visual Studio Solution File, Format Version 12.00
# Visual Studio Version 17
VisualStudioVersion = 17.4.33213.308
MinimumVisualStudioVersion = 10.0.40219.1
Project("{FAE04EC0-301F-11D3-BF4B-00C04F79EFBC}") = "Chatting", "Chatting\Chatting.csproj", "{4F1DB669-E948-4DE4-93D4-2F2783CEBAB0}"
EndProject
Global
	GlobalSection(SolutionConfigurationPlatforms) = preSolution
		Debug|Any CPU = Debug|Any CPU
		Release|Any CPU = Release|Any CPU
	EndGlobalSection
	GlobalSection(ProjectConfigurationPlatforms) = postSolution
		{4F1DB669-E948-4DE4-93D4-2F2783CEBAB0}.Debug|Any CPU.ActiveCfg = Debug|Any CPU
		{4F1DB669-E948-4DE4-93D4-2F2783CEBAB0}.Debug|Any CPU.Build.0 = Debug|Any CPU
		{4F1DB669-E948-4DE4-93D4-2F2783CEBAB0}.Release|Any CPU.ActiveCfg = Release|Any CPU
		{4F1DB669-E948-4DE4-93D4-2F2783CEBAB0}.Release|Any CPU.Build.0 = Release|Any CPU
	EndGlobalSection
	GlobalSection(SolutionProperties) = preSolution
		HideSolutionNode = FALSE
	EndGlobalSection
	GlobalSection(ExtensibilityGlobals) = postSolution
		SolutionGuid = {E691A303-517A-4A35-8AE3-8666118C80D7}
	EndGlobalSection
EndGlobal
